// !$*UTF8*$!
{
	archiveVersion = 1;
	classes = {
	};
	objectVersion = 50;
	objects = {

/* Begin PBXBuildFile section */
		884101C023C562F9006EF952 /* AppDelegate.swift in Sources */ = {isa = PBXBuildFile; fileRef = 884101BF23C562F9006EF952 /* AppDelegate.swift */; };
		884101C223C562F9006EF952 /* SceneDelegate.swift in Sources */ = {isa = PBXBuildFile; fileRef = 884101C123C562F9006EF952 /* SceneDelegate.swift */; };
		884101C623C562FA006EF952 /* Assets.xcassets in Resources */ = {isa = PBXBuildFile; fileRef = 884101C523C562FA006EF952 /* Assets.xcassets */; };
		884101CC23C562FA006EF952 /* LaunchScreen.storyboard in Resources */ = {isa = PBXBuildFile; fileRef = 884101CA23C562FA006EF952 /* LaunchScreen.storyboard */; };
		8895F88C23C951DE00B5297A /* Earthquake.swift in Sources */ = {isa = PBXBuildFile; fileRef = 8895F85123C951DC00B5297A /* Earthquake.swift */; };
		8895F88D23C951DE00B5297A /* EarthquakeGeometry.swift in Sources */ = {isa = PBXBuildFile; fileRef = 8895F85223C951DC00B5297A /* EarthquakeGeometry.swift */; };
		8895F88F23C951DE00B5297A /* GoogleDataTransport.framework in Frameworks */ = {isa = PBXBuildFile; fileRef = 8895F85523C951DC00B5297A /* GoogleDataTransport.framework */; };
		8895F89023C951DE00B5297A /* Fabric.framework in Frameworks */ = {isa = PBXBuildFile; fileRef = 8895F85623C951DC00B5297A /* Fabric.framework */; };
		8895F89123C951DE00B5297A /* Crashlytics.framework in Frameworks */ = {isa = PBXBuildFile; fileRef = 8895F85723C951DC00B5297A /* Crashlytics.framework */; };
		8895F89223C951DE00B5297A /* GoogleDataTransportCCTSupport.framework in Frameworks */ = {isa = PBXBuildFile; fileRef = 8895F85823C951DC00B5297A /* GoogleDataTransportCCTSupport.framework */; };
		8895F89323C951DE00B5297A /* GoogleAppMeasurement.framework in Frameworks */ = {isa = PBXBuildFile; fileRef = 8895F85923C951DC00B5297A /* GoogleAppMeasurement.framework */; };
		8895F89423C951DE00B5297A /* FirebaseCore.framework in Frameworks */ = {isa = PBXBuildFile; fileRef = 8895F85A23C951DC00B5297A /* FirebaseCore.framework */; };
		8895F89523C951DE00B5297A /* FirebaseAnalytics.framework in Frameworks */ = {isa = PBXBuildFile; fileRef = 8895F85B23C951DC00B5297A /* FirebaseAnalytics.framework */; };
		8895F89623C951DE00B5297A /* GoogleUtilities.framework in Frameworks */ = {isa = PBXBuildFile; fileRef = 8895F85D23C951DC00B5297A /* GoogleUtilities.framework */; };
		8895F89723C951DE00B5297A /* nanopb.framework in Frameworks */ = {isa = PBXBuildFile; fileRef = 8895F85E23C951DC00B5297A /* nanopb.framework */; };
		8895F89823C951DE00B5297A /* FIRAnalyticsConnector.framework in Frameworks */ = {isa = PBXBuildFile; fileRef = 8895F85F23C951DC00B5297A /* FIRAnalyticsConnector.framework */; };
		8895F89923C951DE00B5297A /* FirebaseInstanceID.framework in Frameworks */ = {isa = PBXBuildFile; fileRef = 8895F86123C951DC00B5297A /* FirebaseInstanceID.framework */; };
		8895F89A23C951DE00B5297A /* FirebaseCoreDiagnostics.framework in Frameworks */ = {isa = PBXBuildFile; fileRef = 8895F86223C951DC00B5297A /* FirebaseCoreDiagnostics.framework */; };
		8895F89C23C951DE00B5297A /* EarthquakeService.swift in Sources */ = {isa = PBXBuildFile; fileRef = 8895F86623C951DC00B5297A /* EarthquakeService.swift */; };
		8895F89D23C951DE00B5297A /* NetworkService.swift in Sources */ = {isa = PBXBuildFile; fileRef = 8895F86723C951DC00B5297A /* NetworkService.swift */; };
		8895F89E23C951DE00B5297A /* Publisher+TembloresPR.swift in Sources */ = {isa = PBXBuildFile; fileRef = 8895F86823C951DC00B5297A /* Publisher+TembloresPR.swift */; };
		8895F89F23C951DE00B5297A /* DetailView.swift in Sources */ = {isa = PBXBuildFile; fileRef = 8895F86A23C951DC00B5297A /* DetailView.swift */; };
		8895F8A023C951DE00B5297A /* InfoView.swift in Sources */ = {isa = PBXBuildFile; fileRef = 8895F86B23C951DC00B5297A /* InfoView.swift */; };
		8895F8A123C951DE00B5297A /* SpinnerView.swift in Sources */ = {isa = PBXBuildFile; fileRef = 8895F86C23C951DC00B5297A /* SpinnerView.swift */; };
		8895F8A223C951DE00B5297A /* MapView.swift in Sources */ = {isa = PBXBuildFile; fileRef = 8895F86D23C951DC00B5297A /* MapView.swift */; };
		8895F8A323C951DE00B5297A /* BottomSheetView.swift in Sources */ = {isa = PBXBuildFile; fileRef = 8895F86E23C951DC00B5297A /* BottomSheetView.swift */; };
		8895F8A423C951DE00B5297A /* ContentView.swift in Sources */ = {isa = PBXBuildFile; fileRef = 8895F86F23C951DC00B5297A /* ContentView.swift */; };
		8895F8A523C951DE00B5297A /* Assets.xcassets in Resources */ = {isa = PBXBuildFile; fileRef = 8895F87023C951DC00B5297A /* Assets.xcassets */; };
		8895F8A823C951DE00B5297A /* DetailsViewModel.swift in Sources */ = {isa = PBXBuildFile; fileRef = 8895F87523C951DD00B5297A /* DetailsViewModel.swift */; };
		8895F8A923C951DE00B5297A /* SummaryViewModel.swift in Sources */ = {isa = PBXBuildFile; fileRef = 8895F87623C951DD00B5297A /* SummaryViewModel.swift */; };
		8895F8B123C951DE00B5297A /* Collection+TembloresPR.swift in Sources */ = {isa = PBXBuildFile; fileRef = 8895F88323C951DE00B5297A /* Collection+TembloresPR.swift */; };
		8895F8B823C9551B00B5297A /* Localizable.strings in Resources */ = {isa = PBXBuildFile; fileRef = 8895F8B623C9551A00B5297A /* Localizable.strings */; };
		8895F8BB23C95EF300B5297A /* GoogleService-Info.plist in Resources */ = {isa = PBXBuildFile; fileRef = 8895F8BA23C95EF300B5297A /* GoogleService-Info.plist */; };
		8895F8BD23C9653600B5297A /* EarthquakeEnergy.swift in Sources */ = {isa = PBXBuildFile; fileRef = 8895F8BC23C9653600B5297A /* EarthquakeEnergy.swift */; };
		88D543CF23C9855B00EC793E /* String+TembloresPR.swift in Sources */ = {isa = PBXBuildFile; fileRef = 88D543CE23C9855B00EC793E /* String+TembloresPR.swift */; };
		88D543D123C987D500EC793E /* EarthquakeViewViewModel.swift in Sources */ = {isa = PBXBuildFile; fileRef = 88D543D023C987D500EC793E /* EarthquakeViewViewModel.swift */; };
		88D543D323C9880100EC793E /* EarthquakeView.swift in Sources */ = {isa = PBXBuildFile; fileRef = 88D543D223C9880100EC793E /* EarthquakeView.swift */; };
		88D543D623C9922200EC793E /* EarthquakeRepository.swift in Sources */ = {isa = PBXBuildFile; fileRef = 88D543D523C9922200EC793E /* EarthquakeRepository.swift */; };
		88D543D823C9926E00EC793E /* MainTabView.swift in Sources */ = {isa = PBXBuildFile; fileRef = 88D543D723C9926E00EC793E /* MainTabView.swift */; };
		88D543DA23CA1D7800EC793E /* EarthquakeLocationsView.swift in Sources */ = {isa = PBXBuildFile; fileRef = 88D543D923CA1D7800EC793E /* EarthquakeLocationsView.swift */; };
		88D543E223CA7FD400EC793E /* DetailViewModelTests.swift in Sources */ = {isa = PBXBuildFile; fileRef = 88D543E123CA7FD400EC793E /* DetailViewModelTests.swift */; };
		88D543EA23CA8A9400EC793E /* EarthquakeLocationsViewModel.swift in Sources */ = {isa = PBXBuildFile; fileRef = 88D543E923CA8A9400EC793E /* EarthquakeLocationsViewModel.swift */; };
		88D543EC23CA9DA800EC793E /* AnalyticsManager.swift in Sources */ = {isa = PBXBuildFile; fileRef = 88D543EB23CA9DA800EC793E /* AnalyticsManager.swift */; };
		88D543EE23CAA6BC00EC793E /* MapViewViewModel.swift in Sources */ = {isa = PBXBuildFile; fileRef = 88D543ED23CAA6BC00EC793E /* MapViewViewModel.swift */; };
		88D543F023CAC1C000EC793E /* MainFactory.swift in Sources */ = {isa = PBXBuildFile; fileRef = 88D543EF23CAC1C000EC793E /* MainFactory.swift */; };
		88D543F323CAC63900EC793E /* EarthquakeEndpoint.swift in Sources */ = {isa = PBXBuildFile; fileRef = 88D543F223CAC63900EC793E /* EarthquakeEndpoint.swift */; };
		88D543F523CACAC600EC793E /* EmptyStateView.swift in Sources */ = {isa = PBXBuildFile; fileRef = 88D543F423CACAC600EC793E /* EmptyStateView.swift */; };
/* End PBXBuildFile section */

/* Begin PBXContainerItemProxy section */
		88D543E423CA7FD400EC793E /* PBXContainerItemProxy */ = {
			isa = PBXContainerItemProxy;
			containerPortal = 884101B423C562F9006EF952 /* Project object */;
			proxyType = 1;
			remoteGlobalIDString = 884101BB23C562F9006EF952;
			remoteInfo = "Temblores PR";
		};
/* End PBXContainerItemProxy section */

/* Begin PBXFileReference section */
		884101BC23C562F9006EF952 /* Temblores PR.app */ = {isa = PBXFileReference; explicitFileType = wrapper.application; includeInIndex = 0; path = "Temblores PR.app"; sourceTree = BUILT_PRODUCTS_DIR; };
		884101BF23C562F9006EF952 /* AppDelegate.swift */ = {isa = PBXFileReference; lastKnownFileType = sourcecode.swift; path = AppDelegate.swift; sourceTree = "<group>"; };
		884101C123C562F9006EF952 /* SceneDelegate.swift */ = {isa = PBXFileReference; lastKnownFileType = sourcecode.swift; path = SceneDelegate.swift; sourceTree = "<group>"; };
		884101C523C562FA006EF952 /* Assets.xcassets */ = {isa = PBXFileReference; lastKnownFileType = folder.assetcatalog; path = Assets.xcassets; sourceTree = "<group>"; };
		884101CB23C562FA006EF952 /* Base */ = {isa = PBXFileReference; lastKnownFileType = file.storyboard; name = Base; path = Base.lproj/LaunchScreen.storyboard; sourceTree = "<group>"; };
		884101CD23C562FA006EF952 /* Info.plist */ = {isa = PBXFileReference; lastKnownFileType = text.plist.xml; path = Info.plist; sourceTree = "<group>"; };
		8895F85123C951DC00B5297A /* Earthquake.swift */ = {isa = PBXFileReference; fileEncoding = 4; lastKnownFileType = sourcecode.swift; path = Earthquake.swift; sourceTree = "<group>"; };
		8895F85223C951DC00B5297A /* EarthquakeGeometry.swift */ = {isa = PBXFileReference; fileEncoding = 4; lastKnownFileType = sourcecode.swift; path = EarthquakeGeometry.swift; sourceTree = "<group>"; };
		8895F85523C951DC00B5297A /* GoogleDataTransport.framework */ = {isa = PBXFileReference; lastKnownFileType = wrapper.framework; path = GoogleDataTransport.framework; sourceTree = "<group>"; };
		8895F85623C951DC00B5297A /* Fabric.framework */ = {isa = PBXFileReference; lastKnownFileType = wrapper.framework; path = Fabric.framework; sourceTree = "<group>"; };
		8895F85723C951DC00B5297A /* Crashlytics.framework */ = {isa = PBXFileReference; lastKnownFileType = wrapper.framework; path = Crashlytics.framework; sourceTree = "<group>"; };
		8895F85823C951DC00B5297A /* GoogleDataTransportCCTSupport.framework */ = {isa = PBXFileReference; lastKnownFileType = wrapper.framework; path = GoogleDataTransportCCTSupport.framework; sourceTree = "<group>"; };
		8895F85923C951DC00B5297A /* GoogleAppMeasurement.framework */ = {isa = PBXFileReference; lastKnownFileType = wrapper.framework; path = GoogleAppMeasurement.framework; sourceTree = "<group>"; };
		8895F85A23C951DC00B5297A /* FirebaseCore.framework */ = {isa = PBXFileReference; lastKnownFileType = wrapper.framework; path = FirebaseCore.framework; sourceTree = "<group>"; };
		8895F85B23C951DC00B5297A /* FirebaseAnalytics.framework */ = {isa = PBXFileReference; lastKnownFileType = wrapper.framework; path = FirebaseAnalytics.framework; sourceTree = "<group>"; };
		8895F85C23C951DC00B5297A /* Firebase.h */ = {isa = PBXFileReference; fileEncoding = 4; lastKnownFileType = sourcecode.c.h; path = Firebase.h; sourceTree = "<group>"; };
		8895F85D23C951DC00B5297A /* GoogleUtilities.framework */ = {isa = PBXFileReference; lastKnownFileType = wrapper.framework; path = GoogleUtilities.framework; sourceTree = "<group>"; };
		8895F85E23C951DC00B5297A /* nanopb.framework */ = {isa = PBXFileReference; lastKnownFileType = wrapper.framework; path = nanopb.framework; sourceTree = "<group>"; };
		8895F85F23C951DC00B5297A /* FIRAnalyticsConnector.framework */ = {isa = PBXFileReference; lastKnownFileType = wrapper.framework; path = FIRAnalyticsConnector.framework; sourceTree = "<group>"; };
		8895F86023C951DC00B5297A /* module.modulemap */ = {isa = PBXFileReference; fileEncoding = 4; lastKnownFileType = "sourcecode.module-map"; path = module.modulemap; sourceTree = "<group>"; };
		8895F86123C951DC00B5297A /* FirebaseInstanceID.framework */ = {isa = PBXFileReference; lastKnownFileType = wrapper.framework; path = FirebaseInstanceID.framework; sourceTree = "<group>"; };
		8895F86223C951DC00B5297A /* FirebaseCoreDiagnostics.framework */ = {isa = PBXFileReference; lastKnownFileType = wrapper.framework; path = FirebaseCoreDiagnostics.framework; sourceTree = "<group>"; };
		8895F86623C951DC00B5297A /* EarthquakeService.swift */ = {isa = PBXFileReference; fileEncoding = 4; lastKnownFileType = sourcecode.swift; path = EarthquakeService.swift; sourceTree = "<group>"; };
		8895F86723C951DC00B5297A /* NetworkService.swift */ = {isa = PBXFileReference; fileEncoding = 4; lastKnownFileType = sourcecode.swift; path = NetworkService.swift; sourceTree = "<group>"; };
		8895F86823C951DC00B5297A /* Publisher+TembloresPR.swift */ = {isa = PBXFileReference; fileEncoding = 4; lastKnownFileType = sourcecode.swift; path = "Publisher+TembloresPR.swift"; sourceTree = "<group>"; };
		8895F86A23C951DC00B5297A /* DetailView.swift */ = {isa = PBXFileReference; fileEncoding = 4; lastKnownFileType = sourcecode.swift; path = DetailView.swift; sourceTree = "<group>"; };
		8895F86B23C951DC00B5297A /* InfoView.swift */ = {isa = PBXFileReference; fileEncoding = 4; lastKnownFileType = sourcecode.swift; path = InfoView.swift; sourceTree = "<group>"; };
		8895F86C23C951DC00B5297A /* SpinnerView.swift */ = {isa = PBXFileReference; fileEncoding = 4; lastKnownFileType = sourcecode.swift; path = SpinnerView.swift; sourceTree = "<group>"; };
		8895F86D23C951DC00B5297A /* MapView.swift */ = {isa = PBXFileReference; fileEncoding = 4; lastKnownFileType = sourcecode.swift; path = MapView.swift; sourceTree = "<group>"; };
		8895F86E23C951DC00B5297A /* BottomSheetView.swift */ = {isa = PBXFileReference; fileEncoding = 4; lastKnownFileType = sourcecode.swift; path = BottomSheetView.swift; sourceTree = "<group>"; };
		8895F86F23C951DC00B5297A /* ContentView.swift */ = {isa = PBXFileReference; fileEncoding = 4; lastKnownFileType = sourcecode.swift; path = ContentView.swift; sourceTree = "<group>"; };
		8895F87023C951DC00B5297A /* Assets.xcassets */ = {isa = PBXFileReference; lastKnownFileType = folder.assetcatalog; path = Assets.xcassets; sourceTree = "<group>"; };
		8895F87523C951DD00B5297A /* DetailsViewModel.swift */ = {isa = PBXFileReference; fileEncoding = 4; lastKnownFileType = sourcecode.swift; path = DetailsViewModel.swift; sourceTree = "<group>"; };
		8895F87623C951DD00B5297A /* SummaryViewModel.swift */ = {isa = PBXFileReference; fileEncoding = 4; lastKnownFileType = sourcecode.swift; path = SummaryViewModel.swift; sourceTree = "<group>"; };
		8895F88323C951DE00B5297A /* Collection+TembloresPR.swift */ = {isa = PBXFileReference; fileEncoding = 4; lastKnownFileType = sourcecode.swift; path = "Collection+TembloresPR.swift"; sourceTree = "<group>"; };
		8895F8B723C9551A00B5297A /* en */ = {isa = PBXFileReference; lastKnownFileType = text.plist.strings; name = en; path = en.lproj/Localizable.strings; sourceTree = "<group>"; };
		8895F8B923C9552B00B5297A /* es */ = {isa = PBXFileReference; lastKnownFileType = text.plist.strings; name = es; path = es.lproj/Localizable.strings; sourceTree = "<group>"; };
		8895F8BA23C95EF300B5297A /* GoogleService-Info.plist */ = {isa = PBXFileReference; fileEncoding = 4; lastKnownFileType = text.plist.xml; path = "GoogleService-Info.plist"; sourceTree = "<group>"; };
		8895F8BC23C9653600B5297A /* EarthquakeEnergy.swift */ = {isa = PBXFileReference; lastKnownFileType = sourcecode.swift; path = EarthquakeEnergy.swift; sourceTree = "<group>"; };
		88D543CE23C9855B00EC793E /* String+TembloresPR.swift */ = {isa = PBXFileReference; lastKnownFileType = sourcecode.swift; path = "String+TembloresPR.swift"; sourceTree = "<group>"; };
		88D543D023C987D500EC793E /* EarthquakeViewViewModel.swift */ = {isa = PBXFileReference; lastKnownFileType = sourcecode.swift; path = EarthquakeViewViewModel.swift; sourceTree = "<group>"; };
		88D543D223C9880100EC793E /* EarthquakeView.swift */ = {isa = PBXFileReference; lastKnownFileType = sourcecode.swift; path = EarthquakeView.swift; sourceTree = "<group>"; };
		88D543D523C9922200EC793E /* EarthquakeRepository.swift */ = {isa = PBXFileReference; lastKnownFileType = sourcecode.swift; path = EarthquakeRepository.swift; sourceTree = "<group>"; };
		88D543D723C9926E00EC793E /* MainTabView.swift */ = {isa = PBXFileReference; lastKnownFileType = sourcecode.swift; path = MainTabView.swift; sourceTree = "<group>"; };
		88D543D923CA1D7800EC793E /* EarthquakeLocationsView.swift */ = {isa = PBXFileReference; lastKnownFileType = sourcecode.swift; path = EarthquakeLocationsView.swift; sourceTree = "<group>"; };
		88D543DF23CA7FD400EC793E /* Temblores PRTests.xctest */ = {isa = PBXFileReference; explicitFileType = wrapper.cfbundle; includeInIndex = 0; path = "Temblores PRTests.xctest"; sourceTree = BUILT_PRODUCTS_DIR; };
		88D543E123CA7FD400EC793E /* DetailViewModelTests.swift */ = {isa = PBXFileReference; lastKnownFileType = sourcecode.swift; path = DetailViewModelTests.swift; sourceTree = "<group>"; };
		88D543E323CA7FD400EC793E /* Info.plist */ = {isa = PBXFileReference; lastKnownFileType = text.plist.xml; path = Info.plist; sourceTree = "<group>"; };
		88D543E923CA8A9400EC793E /* EarthquakeLocationsViewModel.swift */ = {isa = PBXFileReference; lastKnownFileType = sourcecode.swift; path = EarthquakeLocationsViewModel.swift; sourceTree = "<group>"; };
		88D543EB23CA9DA800EC793E /* AnalyticsManager.swift */ = {isa = PBXFileReference; lastKnownFileType = sourcecode.swift; path = AnalyticsManager.swift; sourceTree = "<group>"; };
		88D543ED23CAA6BC00EC793E /* MapViewViewModel.swift */ = {isa = PBXFileReference; lastKnownFileType = sourcecode.swift; path = MapViewViewModel.swift; sourceTree = "<group>"; };
		88D543EF23CAC1C000EC793E /* MainFactory.swift */ = {isa = PBXFileReference; lastKnownFileType = sourcecode.swift; path = MainFactory.swift; sourceTree = "<group>"; };
		88D543F223CAC63900EC793E /* EarthquakeEndpoint.swift */ = {isa = PBXFileReference; lastKnownFileType = sourcecode.swift; name = EarthquakeEndpoint.swift; path = ../../EarthquakeEndpoint.swift; sourceTree = "<group>"; };
		88D543F423CACAC600EC793E /* EmptyStateView.swift */ = {isa = PBXFileReference; lastKnownFileType = sourcecode.swift; path = EmptyStateView.swift; sourceTree = "<group>"; };
/* End PBXFileReference section */

/* Begin PBXFrameworksBuildPhase section */
		884101B923C562F9006EF952 /* Frameworks */ = {
			isa = PBXFrameworksBuildPhase;
			buildActionMask = 2147483647;
			files = (
				8895F89223C951DE00B5297A /* GoogleDataTransportCCTSupport.framework in Frameworks */,
				8895F89423C951DE00B5297A /* FirebaseCore.framework in Frameworks */,
				8895F89023C951DE00B5297A /* Fabric.framework in Frameworks */,
				8895F89523C951DE00B5297A /* FirebaseAnalytics.framework in Frameworks */,
				8895F88F23C951DE00B5297A /* GoogleDataTransport.framework in Frameworks */,
				8895F89123C951DE00B5297A /* Crashlytics.framework in Frameworks */,
				8895F89323C951DE00B5297A /* GoogleAppMeasurement.framework in Frameworks */,
				8895F89823C951DE00B5297A /* FIRAnalyticsConnector.framework in Frameworks */,
				8895F89923C951DE00B5297A /* FirebaseInstanceID.framework in Frameworks */,
				8895F89A23C951DE00B5297A /* FirebaseCoreDiagnostics.framework in Frameworks */,
				8895F89723C951DE00B5297A /* nanopb.framework in Frameworks */,
				8895F89623C951DE00B5297A /* GoogleUtilities.framework in Frameworks */,
			);
			runOnlyForDeploymentPostprocessing = 0;
		};
		88D543DC23CA7FD400EC793E /* Frameworks */ = {
			isa = PBXFrameworksBuildPhase;
			buildActionMask = 2147483647;
			files = (
			);
			runOnlyForDeploymentPostprocessing = 0;
		};
/* End PBXFrameworksBuildPhase section */

/* Begin PBXGroup section */
		884101B323C562F9006EF952 = {
			isa = PBXGroup;
			children = (
				884101BE23C562F9006EF952 /* Temblores PR */,
				88D543E023CA7FD400EC793E /* Temblores PRTests */,
				884101BD23C562F9006EF952 /* Products */,
			);
			sourceTree = "<group>";
		};
		884101BD23C562F9006EF952 /* Products */ = {
			isa = PBXGroup;
			children = (
				884101BC23C562F9006EF952 /* Temblores PR.app */,
				88D543DF23CA7FD400EC793E /* Temblores PRTests.xctest */,
			);
			name = Products;
			sourceTree = "<group>";
		};
		884101BE23C562F9006EF952 /* Temblores PR */ = {
			isa = PBXGroup;
			children = (
				884101CD23C562FA006EF952 /* Info.plist */,
				88D543EB23CA9DA800EC793E /* AnalyticsManager.swift */,
				884101BF23C562F9006EF952 /* AppDelegate.swift */,
				884101C123C562F9006EF952 /* SceneDelegate.swift */,
				8895F87023C951DC00B5297A /* Assets.xcassets */,
				8895F88223C951DE00B5297A /* Extensions */,
				88D543F123CAC5DF00EC793E /* Factories */,
				884101CA23C562FA006EF952 /* LaunchScreen.storyboard */,
				8895F8B623C9551A00B5297A /* Localizable.strings */,
				8895F85023C951DC00B5297A /* Models */,
				8895F86523C951DC00B5297A /* Network */,
				88D543D423C9920A00EC793E /* Repository */,
				8895F8B423C951F800B5297A /* Third Party */,
				8895F87423C951DD00B5297A /* View Models */,
				8895F86923C951DC00B5297A /* Views */,
				884101C523C562FA006EF952 /* Assets.xcassets */,
			);
			path = "Temblores PR";
			sourceTree = "<group>";
		};
		8895F85023C951DC00B5297A /* Models */ = {
			isa = PBXGroup;
			children = (
				8895F85123C951DC00B5297A /* Earthquake.swift */,
				8895F85223C951DC00B5297A /* EarthquakeGeometry.swift */,
				8895F8BC23C9653600B5297A /* EarthquakeEnergy.swift */,
			);
			path = Models;
			sourceTree = "<group>";
		};
		8895F85423C951DC00B5297A /* Firebase */ = {
			isa = PBXGroup;
			children = (
				8895F8BA23C95EF300B5297A /* GoogleService-Info.plist */,
				8895F85523C951DC00B5297A /* GoogleDataTransport.framework */,
				8895F85623C951DC00B5297A /* Fabric.framework */,
				8895F85723C951DC00B5297A /* Crashlytics.framework */,
				8895F85823C951DC00B5297A /* GoogleDataTransportCCTSupport.framework */,
				8895F85923C951DC00B5297A /* GoogleAppMeasurement.framework */,
				8895F85A23C951DC00B5297A /* FirebaseCore.framework */,
				8895F85B23C951DC00B5297A /* FirebaseAnalytics.framework */,
				8895F85C23C951DC00B5297A /* Firebase.h */,
				8895F85D23C951DC00B5297A /* GoogleUtilities.framework */,
				8895F85E23C951DC00B5297A /* nanopb.framework */,
				8895F85F23C951DC00B5297A /* FIRAnalyticsConnector.framework */,
				8895F86023C951DC00B5297A /* module.modulemap */,
				8895F86123C951DC00B5297A /* FirebaseInstanceID.framework */,
				8895F86223C951DC00B5297A /* FirebaseCoreDiagnostics.framework */,
			);
			path = Firebase;
			sourceTree = "<group>";
		};
		8895F86523C951DC00B5297A /* Network */ = {
			isa = PBXGroup;
			children = (
				8895F86623C951DC00B5297A /* EarthquakeService.swift */,
				88D543F223CAC63900EC793E /* EarthquakeEndpoint.swift */,
				8895F86723C951DC00B5297A /* NetworkService.swift */,
				8895F86823C951DC00B5297A /* Publisher+TembloresPR.swift */,
			);
			path = Network;
			sourceTree = "<group>";
		};
		8895F86923C951DC00B5297A /* Views */ = {
			isa = PBXGroup;
			children = (
				8895F86A23C951DC00B5297A /* DetailView.swift */,
				8895F86B23C951DC00B5297A /* InfoView.swift */,
				8895F86C23C951DC00B5297A /* SpinnerView.swift */,
				8895F86D23C951DC00B5297A /* MapView.swift */,
				8895F86E23C951DC00B5297A /* BottomSheetView.swift */,
				8895F86F23C951DC00B5297A /* ContentView.swift */,
				88D543D223C9880100EC793E /* EarthquakeView.swift */,
				88D543D723C9926E00EC793E /* MainTabView.swift */,
				88D543D923CA1D7800EC793E /* EarthquakeLocationsView.swift */,
				88D543F423CACAC600EC793E /* EmptyStateView.swift */,
			);
			path = Views;
			sourceTree = "<group>";
		};
		8895F87423C951DD00B5297A /* View Models */ = {
			isa = PBXGroup;
			children = (
				8895F87523C951DD00B5297A /* DetailsViewModel.swift */,
				8895F87623C951DD00B5297A /* SummaryViewModel.swift */,
				88D543D023C987D500EC793E /* EarthquakeViewViewModel.swift */,
				88D543E923CA8A9400EC793E /* EarthquakeLocationsViewModel.swift */,
				88D543ED23CAA6BC00EC793E /* MapViewViewModel.swift */,
			);
			path = "View Models";
			sourceTree = "<group>";
		};
		8895F88223C951DE00B5297A /* Extensions */ = {
			isa = PBXGroup;
			children = (
				8895F88323C951DE00B5297A /* Collection+TembloresPR.swift */,
				88D543CE23C9855B00EC793E /* String+TembloresPR.swift */,
			);
			path = Extensions;
			sourceTree = "<group>";
		};
		8895F8B423C951F800B5297A /* Third Party */ = {
			isa = PBXGroup;
			children = (
				8895F85423C951DC00B5297A /* Firebase */,
			);
			name = "Third Party";
			sourceTree = "<group>";
		};
		88D543D423C9920A00EC793E /* Repository */ = {
			isa = PBXGroup;
			children = (
				88D543D523C9922200EC793E /* EarthquakeRepository.swift */,
			);
			path = Repository;
			sourceTree = "<group>";
		};
		88D543E023CA7FD400EC793E /* Temblores PRTests */ = {
			isa = PBXGroup;
			children = (
				88D543E123CA7FD400EC793E /* DetailViewModelTests.swift */,
				88D543E323CA7FD400EC793E /* Info.plist */,
			);
			path = "Temblores PRTests";
			sourceTree = "<group>";
		};
		88D543F123CAC5DF00EC793E /* Factories */ = {
			isa = PBXGroup;
			children = (
				88D543EF23CAC1C000EC793E /* MainFactory.swift */,
			);
			path = Factories;
			sourceTree = "<group>";
		};
/* End PBXGroup section */

/* Begin PBXNativeTarget section */
		884101BB23C562F9006EF952 /* Temblores PR */ = {
			isa = PBXNativeTarget;
			buildConfigurationList = 884101D023C562FA006EF952 /* Build configuration list for PBXNativeTarget "Temblores PR" */;
			buildPhases = (
				884101B823C562F9006EF952 /* Sources */,
				884101B923C562F9006EF952 /* Frameworks */,
				884101BA23C562F9006EF952 /* Resources */,
			);
			buildRules = (
			);
			dependencies = (
			);
			name = "Temblores PR";
			productName = "Temblores PR";
			productReference = 884101BC23C562F9006EF952 /* Temblores PR.app */;
			productType = "com.apple.product-type.application";
		};
		88D543DE23CA7FD400EC793E /* Temblores PRTests */ = {
			isa = PBXNativeTarget;
			buildConfigurationList = 88D543E623CA7FD400EC793E /* Build configuration list for PBXNativeTarget "Temblores PRTests" */;
			buildPhases = (
				88D543DB23CA7FD400EC793E /* Sources */,
				88D543DC23CA7FD400EC793E /* Frameworks */,
				88D543DD23CA7FD400EC793E /* Resources */,
			);
			buildRules = (
			);
			dependencies = (
				88D543E523CA7FD400EC793E /* PBXTargetDependency */,
			);
			name = "Temblores PRTests";
			productName = "Temblores PRTests";
			productReference = 88D543DF23CA7FD400EC793E /* Temblores PRTests.xctest */;
			productType = "com.apple.product-type.bundle.unit-test";
		};
/* End PBXNativeTarget section */

/* Begin PBXProject section */
		884101B423C562F9006EF952 /* Project object */ = {
			isa = PBXProject;
			attributes = {
				LastSwiftUpdateCheck = 1130;
				LastUpgradeCheck = 1130;
				ORGANIZATIONNAME = "eduardo moll";
				TargetAttributes = {
					884101BB23C562F9006EF952 = {
						CreatedOnToolsVersion = 11.3;
					};
					88D543DE23CA7FD400EC793E = {
						CreatedOnToolsVersion = 11.3;
						TestTargetID = 884101BB23C562F9006EF952;
					};
				};
			};
			buildConfigurationList = 884101B723C562F9006EF952 /* Build configuration list for PBXProject "Temblores PR" */;
			compatibilityVersion = "Xcode 9.3";
			developmentRegion = en;
			hasScannedForEncodings = 0;
			knownRegions = (
				en,
				Base,
				es,
			);
			mainGroup = 884101B323C562F9006EF952;
			productRefGroup = 884101BD23C562F9006EF952 /* Products */;
			projectDirPath = "";
			projectRoot = "";
			targets = (
				884101BB23C562F9006EF952 /* Temblores PR */,
				88D543DE23CA7FD400EC793E /* Temblores PRTests */,
			);
		};
/* End PBXProject section */

/* Begin PBXResourcesBuildPhase section */
		884101BA23C562F9006EF952 /* Resources */ = {
			isa = PBXResourcesBuildPhase;
			buildActionMask = 2147483647;
			files = (
				884101CC23C562FA006EF952 /* LaunchScreen.storyboard in Resources */,
				8895F8B823C9551B00B5297A /* Localizable.strings in Resources */,
				8895F8BB23C95EF300B5297A /* GoogleService-Info.plist in Resources */,
				8895F8A523C951DE00B5297A /* Assets.xcassets in Resources */,
				884101C623C562FA006EF952 /* Assets.xcassets in Resources */,
			);
			runOnlyForDeploymentPostprocessing = 0;
		};
		88D543DD23CA7FD400EC793E /* Resources */ = {
			isa = PBXResourcesBuildPhase;
			buildActionMask = 2147483647;
			files = (
			);
			runOnlyForDeploymentPostprocessing = 0;
		};
/* End PBXResourcesBuildPhase section */

/* Begin PBXSourcesBuildPhase section */
		884101B823C562F9006EF952 /* Sources */ = {
			isa = PBXSourcesBuildPhase;
			buildActionMask = 2147483647;
			files = (
				88D543EA23CA8A9400EC793E /* EarthquakeLocationsViewModel.swift in Sources */,
				884101C023C562F9006EF952 /* AppDelegate.swift in Sources */,
				88D543EE23CAA6BC00EC793E /* MapViewViewModel.swift in Sources */,
				8895F8A223C951DE00B5297A /* MapView.swift in Sources */,
				8895F8B123C951DE00B5297A /* Collection+TembloresPR.swift in Sources */,
				8895F8A823C951DE00B5297A /* DetailsViewModel.swift in Sources */,
				88D543CF23C9855B00EC793E /* String+TembloresPR.swift in Sources */,
				88D543D823C9926E00EC793E /* MainTabView.swift in Sources */,
				8895F8A423C951DE00B5297A /* ContentView.swift in Sources */,
				8895F89F23C951DE00B5297A /* DetailView.swift in Sources */,
				8895F8BD23C9653600B5297A /* EarthquakeEnergy.swift in Sources */,
				884101C223C562F9006EF952 /* SceneDelegate.swift in Sources */,
				88D543D323C9880100EC793E /* EarthquakeView.swift in Sources */,
				8895F88C23C951DE00B5297A /* Earthquake.swift in Sources */,
				8895F88D23C951DE00B5297A /* EarthquakeGeometry.swift in Sources */,
				8895F89C23C951DE00B5297A /* EarthquakeService.swift in Sources */,
				88D543F023CAC1C000EC793E /* MainFactory.swift in Sources */,
				8895F8A323C951DE00B5297A /* BottomSheetView.swift in Sources */,
				88D543F323CAC63900EC793E /* EarthquakeEndpoint.swift in Sources */,
				8895F8A923C951DE00B5297A /* SummaryViewModel.swift in Sources */,
				88D543EC23CA9DA800EC793E /* AnalyticsManager.swift in Sources */,
				8895F89E23C951DE00B5297A /* Publisher+TembloresPR.swift in Sources */,
				88D543F523CACAC600EC793E /* EmptyStateView.swift in Sources */,
				8895F8A023C951DE00B5297A /* InfoView.swift in Sources */,
				88D543D623C9922200EC793E /* EarthquakeRepository.swift in Sources */,
				88D543D123C987D500EC793E /* EarthquakeViewViewModel.swift in Sources */,
				8895F8A123C951DE00B5297A /* SpinnerView.swift in Sources */,
				88D543DA23CA1D7800EC793E /* EarthquakeLocationsView.swift in Sources */,
				8895F89D23C951DE00B5297A /* NetworkService.swift in Sources */,
			);
			runOnlyForDeploymentPostprocessing = 0;
		};
		88D543DB23CA7FD400EC793E /* Sources */ = {
			isa = PBXSourcesBuildPhase;
			buildActionMask = 2147483647;
			files = (
				88D543E223CA7FD400EC793E /* DetailViewModelTests.swift in Sources */,
			);
			runOnlyForDeploymentPostprocessing = 0;
		};
/* End PBXSourcesBuildPhase section */

/* Begin PBXTargetDependency section */
		88D543E523CA7FD400EC793E /* PBXTargetDependency */ = {
			isa = PBXTargetDependency;
			target = 884101BB23C562F9006EF952 /* Temblores PR */;
			targetProxy = 88D543E423CA7FD400EC793E /* PBXContainerItemProxy */;
		};
/* End PBXTargetDependency section */

/* Begin PBXVariantGroup section */
		884101CA23C562FA006EF952 /* LaunchScreen.storyboard */ = {
			isa = PBXVariantGroup;
			children = (
				884101CB23C562FA006EF952 /* Base */,
			);
			name = LaunchScreen.storyboard;
			sourceTree = "<group>";
		};
		8895F8B623C9551A00B5297A /* Localizable.strings */ = {
			isa = PBXVariantGroup;
			children = (
				8895F8B723C9551A00B5297A /* en */,
				8895F8B923C9552B00B5297A /* es */,
			);
			name = Localizable.strings;
			sourceTree = "<group>";
		};
/* End PBXVariantGroup section */

/* Begin XCBuildConfiguration section */
		884101CE23C562FA006EF952 /* Debug */ = {
			isa = XCBuildConfiguration;
			buildSettings = {
				ALWAYS_SEARCH_USER_PATHS = NO;
				CLANG_ANALYZER_NONNULL = YES;
				CLANG_ANALYZER_NUMBER_OBJECT_CONVERSION = YES_AGGRESSIVE;
				CLANG_CXX_LANGUAGE_STANDARD = "gnu++14";
				CLANG_CXX_LIBRARY = "libc++";
				CLANG_ENABLE_MODULES = YES;
				CLANG_ENABLE_OBJC_ARC = YES;
				CLANG_ENABLE_OBJC_WEAK = YES;
				CLANG_WARN_BLOCK_CAPTURE_AUTORELEASING = YES;
				CLANG_WARN_BOOL_CONVERSION = YES;
				CLANG_WARN_COMMA = YES;
				CLANG_WARN_CONSTANT_CONVERSION = YES;
				CLANG_WARN_DEPRECATED_OBJC_IMPLEMENTATIONS = YES;
				CLANG_WARN_DIRECT_OBJC_ISA_USAGE = YES_ERROR;
				CLANG_WARN_DOCUMENTATION_COMMENTS = YES;
				CLANG_WARN_EMPTY_BODY = YES;
				CLANG_WARN_ENUM_CONVERSION = YES;
				CLANG_WARN_INFINITE_RECURSION = YES;
				CLANG_WARN_INT_CONVERSION = YES;
				CLANG_WARN_NON_LITERAL_NULL_CONVERSION = YES;
				CLANG_WARN_OBJC_IMPLICIT_RETAIN_SELF = YES;
				CLANG_WARN_OBJC_LITERAL_CONVERSION = YES;
				CLANG_WARN_OBJC_ROOT_CLASS = YES_ERROR;
				CLANG_WARN_RANGE_LOOP_ANALYSIS = YES;
				CLANG_WARN_STRICT_PROTOTYPES = YES;
				CLANG_WARN_SUSPICIOUS_MOVE = YES;
				CLANG_WARN_UNGUARDED_AVAILABILITY = YES_AGGRESSIVE;
				CLANG_WARN_UNREACHABLE_CODE = YES;
				CLANG_WARN__DUPLICATE_METHOD_MATCH = YES;
				COPY_PHASE_STRIP = NO;
				DEBUG_INFORMATION_FORMAT = dwarf;
				ENABLE_STRICT_OBJC_MSGSEND = YES;
				ENABLE_TESTABILITY = YES;
				GCC_C_LANGUAGE_STANDARD = gnu11;
				GCC_DYNAMIC_NO_PIC = NO;
				GCC_NO_COMMON_BLOCKS = YES;
				GCC_OPTIMIZATION_LEVEL = 0;
				GCC_PREPROCESSOR_DEFINITIONS = (
					"DEBUG=1",
					"$(inherited)",
				);
				GCC_WARN_64_TO_32_BIT_CONVERSION = YES;
				GCC_WARN_ABOUT_RETURN_TYPE = YES_ERROR;
				GCC_WARN_UNDECLARED_SELECTOR = YES;
				GCC_WARN_UNINITIALIZED_AUTOS = YES_AGGRESSIVE;
				GCC_WARN_UNUSED_FUNCTION = YES;
				GCC_WARN_UNUSED_VARIABLE = YES;
				IPHONEOS_DEPLOYMENT_TARGET = 13.2;
				MTL_ENABLE_DEBUG_INFO = INCLUDE_SOURCE;
				MTL_FAST_MATH = YES;
				ONLY_ACTIVE_ARCH = YES;
				SDKROOT = iphoneos;
				SWIFT_ACTIVE_COMPILATION_CONDITIONS = DEBUG;
				SWIFT_OPTIMIZATION_LEVEL = "-Onone";
			};
			name = Debug;
		};
		884101CF23C562FA006EF952 /* Release */ = {
			isa = XCBuildConfiguration;
			buildSettings = {
				ALWAYS_SEARCH_USER_PATHS = NO;
				CLANG_ANALYZER_NONNULL = YES;
				CLANG_ANALYZER_NUMBER_OBJECT_CONVERSION = YES_AGGRESSIVE;
				CLANG_CXX_LANGUAGE_STANDARD = "gnu++14";
				CLANG_CXX_LIBRARY = "libc++";
				CLANG_ENABLE_MODULES = YES;
				CLANG_ENABLE_OBJC_ARC = YES;
				CLANG_ENABLE_OBJC_WEAK = YES;
				CLANG_WARN_BLOCK_CAPTURE_AUTORELEASING = YES;
				CLANG_WARN_BOOL_CONVERSION = YES;
				CLANG_WARN_COMMA = YES;
				CLANG_WARN_CONSTANT_CONVERSION = YES;
				CLANG_WARN_DEPRECATED_OBJC_IMPLEMENTATIONS = YES;
				CLANG_WARN_DIRECT_OBJC_ISA_USAGE = YES_ERROR;
				CLANG_WARN_DOCUMENTATION_COMMENTS = YES;
				CLANG_WARN_EMPTY_BODY = YES;
				CLANG_WARN_ENUM_CONVERSION = YES;
				CLANG_WARN_INFINITE_RECURSION = YES;
				CLANG_WARN_INT_CONVERSION = YES;
				CLANG_WARN_NON_LITERAL_NULL_CONVERSION = YES;
				CLANG_WARN_OBJC_IMPLICIT_RETAIN_SELF = YES;
				CLANG_WARN_OBJC_LITERAL_CONVERSION = YES;
				CLANG_WARN_OBJC_ROOT_CLASS = YES_ERROR;
				CLANG_WARN_RANGE_LOOP_ANALYSIS = YES;
				CLANG_WARN_STRICT_PROTOTYPES = YES;
				CLANG_WARN_SUSPICIOUS_MOVE = YES;
				CLANG_WARN_UNGUARDED_AVAILABILITY = YES_AGGRESSIVE;
				CLANG_WARN_UNREACHABLE_CODE = YES;
				CLANG_WARN__DUPLICATE_METHOD_MATCH = YES;
				COPY_PHASE_STRIP = NO;
				DEBUG_INFORMATION_FORMAT = "dwarf-with-dsym";
				ENABLE_NS_ASSERTIONS = NO;
				ENABLE_STRICT_OBJC_MSGSEND = YES;
				GCC_C_LANGUAGE_STANDARD = gnu11;
				GCC_NO_COMMON_BLOCKS = YES;
				GCC_WARN_64_TO_32_BIT_CONVERSION = YES;
				GCC_WARN_ABOUT_RETURN_TYPE = YES_ERROR;
				GCC_WARN_UNDECLARED_SELECTOR = YES;
				GCC_WARN_UNINITIALIZED_AUTOS = YES_AGGRESSIVE;
				GCC_WARN_UNUSED_FUNCTION = YES;
				GCC_WARN_UNUSED_VARIABLE = YES;
				IPHONEOS_DEPLOYMENT_TARGET = 13.2;
				MTL_ENABLE_DEBUG_INFO = NO;
				MTL_FAST_MATH = YES;
				SDKROOT = iphoneos;
				SWIFT_COMPILATION_MODE = wholemodule;
				SWIFT_OPTIMIZATION_LEVEL = "-O";
				VALIDATE_PRODUCT = YES;
			};
			name = Release;
		};
		884101D123C562FA006EF952 /* Debug */ = {
			isa = XCBuildConfiguration;
			buildSettings = {
				ASSETCATALOG_COMPILER_APPICON_NAME = AppIcon;
				CODE_SIGN_STYLE = Automatic;
				DEVELOPMENT_ASSET_PATHS = "\"Temblores PR/Preview Content\"";
				DEVELOPMENT_TEAM = K2T5FY27PH;
				ENABLE_PREVIEWS = YES;
				FRAMEWORK_SEARCH_PATHS = (
					"$(inherited)",
					"$(PROJECT_DIR)/Temblores\\ PR/Firebase",
				);
				HEADER_SEARCH_PATHS = "$(SRCROOT)/Temblores\\ PR/Firebase";
				INFOPLIST_FILE = "Temblores PR/Info.plist";
				LD_RUNPATH_SEARCH_PATHS = (
					"$(inherited)",
					"@executable_path/Frameworks",
				);
				OTHER_LDFLAGS = "-ObjC";
				PRODUCT_BUNDLE_IDENTIFIER = "com.eduardomoll.Temblores-PR";
				PRODUCT_NAME = "$(TARGET_NAME)";
				SWIFT_VERSION = 5.0;
				TARGETED_DEVICE_FAMILY = 1;
			};
			name = Debug;
		};
		884101D223C562FA006EF952 /* Release */ = {
			isa = XCBuildConfiguration;
			buildSettings = {
				ASSETCATALOG_COMPILER_APPICON_NAME = AppIcon;
				CODE_SIGN_STYLE = Automatic;
				DEVELOPMENT_ASSET_PATHS = "\"Temblores PR/Preview Content\"";
				DEVELOPMENT_TEAM = K2T5FY27PH;
				ENABLE_PREVIEWS = YES;
				FRAMEWORK_SEARCH_PATHS = (
					"$(inherited)",
					"$(PROJECT_DIR)/Temblores\\ PR/Firebase",
				);
				HEADER_SEARCH_PATHS = "$(SRCROOT)/Temblores\\ PR/Firebase";
				INFOPLIST_FILE = "Temblores PR/Info.plist";
				LD_RUNPATH_SEARCH_PATHS = (
					"$(inherited)",
					"@executable_path/Frameworks",
				);
				OTHER_LDFLAGS = "-ObjC";
				PRODUCT_BUNDLE_IDENTIFIER = "com.eduardomoll.Temblores-PR";
				PRODUCT_NAME = "$(TARGET_NAME)";
				SWIFT_VERSION = 5.0;
				TARGETED_DEVICE_FAMILY = 1;
			};
			name = Release;
		};
		88D543E723CA7FD400EC793E /* Debug */ = {
			isa = XCBuildConfiguration;
			buildSettings = {
				BUNDLE_LOADER = "$(TEST_HOST)";
				CODE_SIGN_STYLE = Automatic;
				DEVELOPMENT_TEAM = K2T5FY27PH;
				HEADER_SEARCH_PATHS = "$(SRCROOT)/Temblores\\ PR/Firebase";
				INFOPLIST_FILE = "Temblores PRTests/Info.plist";
				LD_RUNPATH_SEARCH_PATHS = (
					"$(inherited)",
					"@executable_path/Frameworks",
					"@loader_path/Frameworks",
				);
				PRODUCT_BUNDLE_IDENTIFIER = "com.eduardomoll.Temblores-PRTests";
				PRODUCT_NAME = "$(TARGET_NAME)";
				SWIFT_VERSION = 5.0;
				TARGETED_DEVICE_FAMILY = "1,2";
				TEST_HOST = "$(BUILT_PRODUCTS_DIR)/Temblores PR.app/Temblores PR";
			};
			name = Debug;
		};
		88D543E823CA7FD400EC793E /* Release */ = {
			isa = XCBuildConfiguration;
			buildSettings = {
				BUNDLE_LOADER = "$(TEST_HOST)";
				CODE_SIGN_STYLE = Automatic;
				DEVELOPMENT_TEAM = K2T5FY27PH;
				HEADER_SEARCH_PATHS = "$(SRCROOT)/Temblores\\ PR/Firebase";
				INFOPLIST_FILE = "Temblores PRTests/Info.plist";
				LD_RUNPATH_SEARCH_PATHS = (
					"$(inherited)",
					"@executable_path/Frameworks",
					"@loader_path/Frameworks",
				);
				PRODUCT_BUNDLE_IDENTIFIER = "com.eduardomoll.Temblores-PRTests";
				PRODUCT_NAME = "$(TARGET_NAME)";
				SWIFT_VERSION = 5.0;
				TARGETED_DEVICE_FAMILY = "1,2";
				TEST_HOST = "$(BUILT_PRODUCTS_DIR)/Temblores PR.app/Temblores PR";
			};
			name = Release;
		};
/* End XCBuildConfiguration section */

/* Begin XCConfigurationList section */
		884101B723C562F9006EF952 /* Build configuration list for PBXProject "Temblores PR" */ = {
			isa = XCConfigurationList;
			buildConfigurations = (
				884101CE23C562FA006EF952 /* Debug */,
				884101CF23C562FA006EF952 /* Release */,
			);
			defaultConfigurationIsVisible = 0;
			defaultConfigurationName = Release;
		};
		884101D023C562FA006EF952 /* Build configuration list for PBXNativeTarget "Temblores PR" */ = {
			isa = XCConfigurationList;
			buildConfigurations = (
				884101D123C562FA006EF952 /* Debug */,
				884101D223C562FA006EF952 /* Release */,
			);
			defaultConfigurationIsVisible = 0;
			defaultConfigurationName = Release;
		};
		88D543E623CA7FD400EC793E /* Build configuration list for PBXNativeTarget "Temblores PRTests" */ = {
			isa = XCConfigurationList;
			buildConfigurations = (
				88D543E723CA7FD400EC793E /* Debug */,
				88D543E823CA7FD400EC793E /* Release */,
			);
			defaultConfigurationIsVisible = 0;
			defaultConfigurationName = Release;
		};
/* End XCConfigurationList section */
	};
	rootObject = 884101B423C562F9006EF952 /* Project object */;
}
